// !$*UTF8*$!
{
	archiveVersion = 1;
	classes = {
	};
	objectVersion = 56;
	objects = {

/* Begin PBXBuildFile section */
		0E2FE7BC2BA952B100348DB5 /* HomeView.swift in Sources */ = {isa = PBXBuildFile; fileRef = 0E2FE7BB2BA952B100348DB5 /* HomeView.swift */; };
		0E2FE7BE2BA9572F00348DB5 /* GroupedExpenses.swift in Sources */ = {isa = PBXBuildFile; fileRef = 0E2FE7BD2BA9572F00348DB5 /* GroupedExpenses.swift */; };
		0E2FE7C02BA9992400348DB5 /* NewsView.swift in Sources */ = {isa = PBXBuildFile; fileRef = 0E2FE7BF2BA9992400348DB5 /* NewsView.swift */; };
		0E2FE7C42BA9997C00348DB5 /* ChatBotView.swift in Sources */ = {isa = PBXBuildFile; fileRef = 0E2FE7C32BA9997C00348DB5 /* ChatBotView.swift */; };
		0E2FE7C62BA99AEA00348DB5 /* TimesView.swift in Sources */ = {isa = PBXBuildFile; fileRef = 0E2FE7C52BA99AEA00348DB5 /* TimesView.swift */; };
		0E2FE7CA2BAAE3B100348DB5 /* AddExpenseView.swift in Sources */ = {isa = PBXBuildFile; fileRef = 0E2FE7C92BAAE3B100348DB5 /* AddExpenseView.swift */; };
		0E31F1D82BD21383007C972C /* NotesCardView.swift in Sources */ = {isa = PBXBuildFile; fileRef = 0E31F1D72BD21383007C972C /* NotesCardView.swift */; };
		0E7F679D2BCF976100F0A5E6 /* ExpenseCardView.swift in Sources */ = {isa = PBXBuildFile; fileRef = 0E7F679C2BCF976100F0A5E6 /* ExpenseCardView.swift */; };
		0EAF98F72B98B0DA00FBFC8E /* duckApp.swift in Sources */ = {isa = PBXBuildFile; fileRef = 0EAF98F62B98B0DA00FBFC8E /* duckApp.swift */; };
		0EAF98F92B98B0DA00FBFC8E /* ContentView.swift in Sources */ = {isa = PBXBuildFile; fileRef = 0EAF98F82B98B0DA00FBFC8E /* ContentView.swift */; };
		0EAF98FB2B98B0DA00FBFC8E /* Item.swift in Sources */ = {isa = PBXBuildFile; fileRef = 0EAF98FA2B98B0DA00FBFC8E /* Item.swift */; };
		0EAF98FD2B98B0DE00FBFC8E /* Assets.xcassets in Resources */ = {isa = PBXBuildFile; fileRef = 0EAF98FC2B98B0DE00FBFC8E /* Assets.xcassets */; };
		0EAF99012B98B0DE00FBFC8E /* Preview Assets.xcassets in Resources */ = {isa = PBXBuildFile; fileRef = 0EAF99002B98B0DE00FBFC8E /* Preview Assets.xcassets */; };
		0EAF990B2B98B0DE00FBFC8E /* duckTests.swift in Sources */ = {isa = PBXBuildFile; fileRef = 0EAF990A2B98B0DE00FBFC8E /* duckTests.swift */; };
		0EAF99152B98B0DE00FBFC8E /* duckUITests.swift in Sources */ = {isa = PBXBuildFile; fileRef = 0EAF99142B98B0DE00FBFC8E /* duckUITests.swift */; };
		0EAF99172B98B0DE00FBFC8E /* duckUITestsLaunchTests.swift in Sources */ = {isa = PBXBuildFile; fileRef = 0EAF99162B98B0DE00FBFC8E /* duckUITestsLaunchTests.swift */; };
		0EAF99292B98C98900FBFC8E /* Expense.swift in Sources */ = {isa = PBXBuildFile; fileRef = 0EAF99282B98C98900FBFC8E /* Expense.swift */; };
		0EAF992D2B98CAC000FBFC8E /* Category.swift in Sources */ = {isa = PBXBuildFile; fileRef = 0EAF992C2B98CABF00FBFC8E /* Category.swift */; };
		0EAF992F2B98CC1300FBFC8E /* ExpenseView.swift in Sources */ = {isa = PBXBuildFile; fileRef = 0EAF992E2B98CC1200FBFC8E /* ExpenseView.swift */; };
		0EAF99312B98CC2F00FBFC8E /* CategoryView.swift in Sources */ = {isa = PBXBuildFile; fileRef = 0EAF99302B98CC2F00FBFC8E /* CategoryView.swift */; };
		0EE6E82D2BD15CC600136DC9 /* DateHolder.swift in Sources */ = {isa = PBXBuildFile; fileRef = 0EE6E82C2BD15CC600136DC9 /* DateHolder.swift */; };
		0EE6E82F2BD15DA000136DC9 /* DateScrollerView.swift in Sources */ = {isa = PBXBuildFile; fileRef = 0EE6E82E2BD15DA000136DC9 /* DateScrollerView.swift */; };
		0EE6E8322BD15E8D00136DC9 /* CalendarHelper.swift in Sources */ = {isa = PBXBuildFile; fileRef = 0EE6E8312BD15E8D00136DC9 /* CalendarHelper.swift */; };
		0EE6E8342BD15EDC00136DC9 /* CalendarCell.swift in Sources */ = {isa = PBXBuildFile; fileRef = 0EE6E8332BD15EDC00136DC9 /* CalendarCell.swift */; };
		0EE6E8362BD15F2500136DC9 /* MonthStruct.swift in Sources */ = {isa = PBXBuildFile; fileRef = 0EE6E8352BD15F2500136DC9 /* MonthStruct.swift */; };
		0EE6E8382BD166FF00136DC9 /* duck.gif in Resources */ = {isa = PBXBuildFile; fileRef = 0EE6E8372BD166FF00136DC9 /* duck.gif */; };
		0EE6E83A2BD1677700136DC9 /* GifImage.swift in Sources */ = {isa = PBXBuildFile; fileRef = 0EE6E8392BD1677700136DC9 /* GifImage.swift */; };
		0EE6E83C2BD16DBA00136DC9 /* Notes.swift in Sources */ = {isa = PBXBuildFile; fileRef = 0EE6E83B2BD16DBA00136DC9 /* Notes.swift */; };
		0EE6E83F2BD16F8D00136DC9 /* AddNotesView.swift in Sources */ = {isa = PBXBuildFile; fileRef = 0EE6E83E2BD16F8D00136DC9 /* AddNotesView.swift */; };
		0EE6E8412BD1719C00136DC9 /* NotesView.swift in Sources */ = {isa = PBXBuildFile; fileRef = 0EE6E8402BD1719C00136DC9 /* NotesView.swift */; };
/* End PBXBuildFile section */

/* Begin PBXContainerItemProxy section */
		0EAF99072B98B0DE00FBFC8E /* PBXContainerItemProxy */ = {
			isa = PBXContainerItemProxy;
			containerPortal = 0EAF98EB2B98B0DA00FBFC8E /* Project object */;
			proxyType = 1;
			remoteGlobalIDString = 0EAF98F22B98B0DA00FBFC8E;
			remoteInfo = duck;
		};
		0EAF99112B98B0DE00FBFC8E /* PBXContainerItemProxy */ = {
			isa = PBXContainerItemProxy;
			containerPortal = 0EAF98EB2B98B0DA00FBFC8E /* Project object */;
			proxyType = 1;
			remoteGlobalIDString = 0EAF98F22B98B0DA00FBFC8E;
			remoteInfo = duck;
		};
/* End PBXContainerItemProxy section */

/* Begin PBXFileReference section */
		0E2FE7BB2BA952B100348DB5 /* HomeView.swift */ = {isa = PBXFileReference; lastKnownFileType = sourcecode.swift; path = HomeView.swift; sourceTree = "<group>"; };
		0E2FE7BD2BA9572F00348DB5 /* GroupedExpenses.swift */ = {isa = PBXFileReference; lastKnownFileType = sourcecode.swift; path = GroupedExpenses.swift; sourceTree = "<group>"; };
		0E2FE7BF2BA9992400348DB5 /* NewsView.swift */ = {isa = PBXFileReference; lastKnownFileType = sourcecode.swift; path = NewsView.swift; sourceTree = "<group>"; };
		0E2FE7C32BA9997C00348DB5 /* ChatBotView.swift */ = {isa = PBXFileReference; lastKnownFileType = sourcecode.swift; path = ChatBotView.swift; sourceTree = "<group>"; };
		0E2FE7C52BA99AEA00348DB5 /* TimesView.swift */ = {isa = PBXFileReference; lastKnownFileType = sourcecode.swift; path = TimesView.swift; sourceTree = "<group>"; };
		0E2FE7C92BAAE3B100348DB5 /* AddExpenseView.swift */ = {isa = PBXFileReference; lastKnownFileType = sourcecode.swift; path = AddExpenseView.swift; sourceTree = "<group>"; };
		0E31F1D72BD21383007C972C /* NotesCardView.swift */ = {isa = PBXFileReference; lastKnownFileType = sourcecode.swift; path = NotesCardView.swift; sourceTree = "<group>"; };
		0E7F679C2BCF976100F0A5E6 /* ExpenseCardView.swift */ = {isa = PBXFileReference; lastKnownFileType = sourcecode.swift; path = ExpenseCardView.swift; sourceTree = "<group>"; };
		0EAF98F32B98B0DA00FBFC8E /* duck.app */ = {isa = PBXFileReference; explicitFileType = wrapper.application; includeInIndex = 0; path = duck.app; sourceTree = BUILT_PRODUCTS_DIR; };
		0EAF98F62B98B0DA00FBFC8E /* duckApp.swift */ = {isa = PBXFileReference; lastKnownFileType = sourcecode.swift; path = duckApp.swift; sourceTree = "<group>"; };
		0EAF98F82B98B0DA00FBFC8E /* ContentView.swift */ = {isa = PBXFileReference; lastKnownFileType = sourcecode.swift; path = ContentView.swift; sourceTree = "<group>"; };
		0EAF98FA2B98B0DA00FBFC8E /* Item.swift */ = {isa = PBXFileReference; lastKnownFileType = sourcecode.swift; path = Item.swift; sourceTree = "<group>"; };
		0EAF98FC2B98B0DE00FBFC8E /* Assets.xcassets */ = {isa = PBXFileReference; lastKnownFileType = folder.assetcatalog; path = Assets.xcassets; sourceTree = "<group>"; };
		0EAF98FE2B98B0DE00FBFC8E /* duck.entitlements */ = {isa = PBXFileReference; lastKnownFileType = text.plist.entitlements; path = duck.entitlements; sourceTree = "<group>"; };
		0EAF99002B98B0DE00FBFC8E /* Preview Assets.xcassets */ = {isa = PBXFileReference; lastKnownFileType = folder.assetcatalog; path = "Preview Assets.xcassets"; sourceTree = "<group>"; };
		0EAF99062B98B0DE00FBFC8E /* duckTests.xctest */ = {isa = PBXFileReference; explicitFileType = wrapper.cfbundle; includeInIndex = 0; path = duckTests.xctest; sourceTree = BUILT_PRODUCTS_DIR; };
		0EAF990A2B98B0DE00FBFC8E /* duckTests.swift */ = {isa = PBXFileReference; lastKnownFileType = sourcecode.swift; path = duckTests.swift; sourceTree = "<group>"; };
		0EAF99102B98B0DE00FBFC8E /* duckUITests.xctest */ = {isa = PBXFileReference; explicitFileType = wrapper.cfbundle; includeInIndex = 0; path = duckUITests.xctest; sourceTree = BUILT_PRODUCTS_DIR; };
		0EAF99142B98B0DE00FBFC8E /* duckUITests.swift */ = {isa = PBXFileReference; lastKnownFileType = sourcecode.swift; path = duckUITests.swift; sourceTree = "<group>"; };
		0EAF99162B98B0DE00FBFC8E /* duckUITestsLaunchTests.swift */ = {isa = PBXFileReference; lastKnownFileType = sourcecode.swift; path = duckUITestsLaunchTests.swift; sourceTree = "<group>"; };
		0EAF99282B98C98900FBFC8E /* Expense.swift */ = {isa = PBXFileReference; lastKnownFileType = sourcecode.swift; path = Expense.swift; sourceTree = "<group>"; };
		0EAF992C2B98CABF00FBFC8E /* Category.swift */ = {isa = PBXFileReference; lastKnownFileType = sourcecode.swift; path = Category.swift; sourceTree = "<group>"; };
		0EAF992E2B98CC1200FBFC8E /* ExpenseView.swift */ = {isa = PBXFileReference; lastKnownFileType = sourcecode.swift; path = ExpenseView.swift; sourceTree = "<group>"; };
		0EAF99302B98CC2F00FBFC8E /* CategoryView.swift */ = {isa = PBXFileReference; lastKnownFileType = sourcecode.swift; path = CategoryView.swift; sourceTree = "<group>"; };
		0EE6E82C2BD15CC600136DC9 /* DateHolder.swift */ = {isa = PBXFileReference; lastKnownFileType = sourcecode.swift; path = DateHolder.swift; sourceTree = "<group>"; };
		0EE6E82E2BD15DA000136DC9 /* DateScrollerView.swift */ = {isa = PBXFileReference; lastKnownFileType = sourcecode.swift; path = DateScrollerView.swift; sourceTree = "<group>"; };
		0EE6E8312BD15E8D00136DC9 /* CalendarHelper.swift */ = {isa = PBXFileReference; lastKnownFileType = sourcecode.swift; path = CalendarHelper.swift; sourceTree = "<group>"; };
		0EE6E8332BD15EDC00136DC9 /* CalendarCell.swift */ = {isa = PBXFileReference; lastKnownFileType = sourcecode.swift; path = CalendarCell.swift; sourceTree = "<group>"; };
		0EE6E8352BD15F2500136DC9 /* MonthStruct.swift */ = {isa = PBXFileReference; lastKnownFileType = sourcecode.swift; path = MonthStruct.swift; sourceTree = "<group>"; };
		0EE6E8372BD166FF00136DC9 /* duck.gif */ = {isa = PBXFileReference; lastKnownFileType = image.gif; name = duck.gif; path = ../../../Downloads/duck.gif; sourceTree = "<group>"; };
		0EE6E8392BD1677700136DC9 /* GifImage.swift */ = {isa = PBXFileReference; lastKnownFileType = sourcecode.swift; path = GifImage.swift; sourceTree = "<group>"; };
		0EE6E83B2BD16DBA00136DC9 /* Notes.swift */ = {isa = PBXFileReference; lastKnownFileType = sourcecode.swift; path = Notes.swift; sourceTree = "<group>"; };
		0EE6E83E2BD16F8D00136DC9 /* AddNotesView.swift */ = {isa = PBXFileReference; lastKnownFileType = sourcecode.swift; path = AddNotesView.swift; sourceTree = "<group>"; };
		0EE6E8402BD1719C00136DC9 /* NotesView.swift */ = {isa = PBXFileReference; lastKnownFileType = sourcecode.swift; path = NotesView.swift; sourceTree = "<group>"; };
/* End PBXFileReference section */

/* Begin PBXFrameworksBuildPhase section */
		0EAF98F02B98B0DA00FBFC8E /* Frameworks */ = {
			isa = PBXFrameworksBuildPhase;
			buildActionMask = 2147483647;
			files = (
			);
			runOnlyForDeploymentPostprocessing = 0;
		};
		0EAF99032B98B0DE00FBFC8E /* Frameworks */ = {
			isa = PBXFrameworksBuildPhase;
			buildActionMask = 2147483647;
			files = (
			);
			runOnlyForDeploymentPostprocessing = 0;
		};
		0EAF990D2B98B0DE00FBFC8E /* Frameworks */ = {
			isa = PBXFrameworksBuildPhase;
			buildActionMask = 2147483647;
			files = (
			);
			runOnlyForDeploymentPostprocessing = 0;
		};
/* End PBXFrameworksBuildPhase section */

/* Begin PBXGroup section */
		0EAF98EA2B98B0DA00FBFC8E = {
			isa = PBXGroup;
			children = (
				0EAF98F52B98B0DA00FBFC8E /* duck */,
				0EAF99092B98B0DE00FBFC8E /* duckTests */,
				0EAF99132B98B0DE00FBFC8E /* duckUITests */,
				0EAF98F42B98B0DA00FBFC8E /* Products */,
			);
			sourceTree = "<group>";
		};
		0EAF98F42B98B0DA00FBFC8E /* Products */ = {
			isa = PBXGroup;
			children = (
				0EAF98F32B98B0DA00FBFC8E /* duck.app */,
				0EAF99062B98B0DE00FBFC8E /* duckTests.xctest */,
				0EAF99102B98B0DE00FBFC8E /* duckUITests.xctest */,
			);
			name = Products;
			sourceTree = "<group>";
		};
		0EAF98F52B98B0DA00FBFC8E /* duck */ = {
			isa = PBXGroup;
			children = (
				0EE6E8372BD166FF00136DC9 /* duck.gif */,
				0EE6E8302BD15E6C00136DC9 /* Helper */,
				0EAF99232B98C8DC00FBFC8E /* Model */,
				0EAF99252B98C92700FBFC8E /* View */,
				0EAF98F62B98B0DA00FBFC8E /* duckApp.swift */,
				0EAF98F82B98B0DA00FBFC8E /* ContentView.swift */,
				0EAF98FA2B98B0DA00FBFC8E /* Item.swift */,
				0EAF98FC2B98B0DE00FBFC8E /* Assets.xcassets */,
				0EAF98FE2B98B0DE00FBFC8E /* duck.entitlements */,
				0EAF98FF2B98B0DE00FBFC8E /* Preview Content */,
			);
			path = duck;
			sourceTree = "<group>";
		};
		0EAF98FF2B98B0DE00FBFC8E /* Preview Content */ = {
			isa = PBXGroup;
			children = (
				0EAF99002B98B0DE00FBFC8E /* Preview Assets.xcassets */,
			);
			path = "Preview Content";
			sourceTree = "<group>";
		};
		0EAF99092B98B0DE00FBFC8E /* duckTests */ = {
			isa = PBXGroup;
			children = (
				0EAF990A2B98B0DE00FBFC8E /* duckTests.swift */,
			);
			path = duckTests;
			sourceTree = "<group>";
		};
		0EAF99132B98B0DE00FBFC8E /* duckUITests */ = {
			isa = PBXGroup;
			children = (
				0EAF99142B98B0DE00FBFC8E /* duckUITests.swift */,
				0EAF99162B98B0DE00FBFC8E /* duckUITestsLaunchTests.swift */,
			);
			path = duckUITests;
			sourceTree = "<group>";
		};
		0EAF99232B98C8DC00FBFC8E /* Model */ = {
			isa = PBXGroup;
			children = (
				0EAF99282B98C98900FBFC8E /* Expense.swift */,
				0EAF992C2B98CABF00FBFC8E /* Category.swift */,
				0E2FE7BD2BA9572F00348DB5 /* GroupedExpenses.swift */,
				0EE6E82C2BD15CC600136DC9 /* DateHolder.swift */,
				0EE6E83B2BD16DBA00136DC9 /* Notes.swift */,
			);
			path = Model;
			sourceTree = "<group>";
		};
		0EAF99252B98C92700FBFC8E /* View */ = {
			isa = PBXGroup;
			children = (
				0EAF992E2B98CC1200FBFC8E /* ExpenseView.swift */,
				0EAF99302B98CC2F00FBFC8E /* CategoryView.swift */,
				0E2FE7BB2BA952B100348DB5 /* HomeView.swift */,
				0E2FE7BF2BA9992400348DB5 /* NewsView.swift */,
				0E2FE7C32BA9997C00348DB5 /* ChatBotView.swift */,
				0E2FE7C52BA99AEA00348DB5 /* TimesView.swift */,
				0E2FE7C92BAAE3B100348DB5 /* AddExpenseView.swift */,
				0E7F679C2BCF976100F0A5E6 /* ExpenseCardView.swift */,
				0EE6E82E2BD15DA000136DC9 /* DateScrollerView.swift */,
				0EE6E8402BD1719C00136DC9 /* NotesView.swift */,
				0EE6E8332BD15EDC00136DC9 /* CalendarCell.swift */,
				0EE6E8352BD15F2500136DC9 /* MonthStruct.swift */,
				0EE6E8392BD1677700136DC9 /* GifImage.swift */,
				0EE6E83E2BD16F8D00136DC9 /* AddNotesView.swift */,
				0E31F1D72BD21383007C972C /* NotesCardView.swift */,
			);
			path = View;
			sourceTree = "<group>";
		};
		0EE6E8302BD15E6C00136DC9 /* Helper */ = {
			isa = PBXGroup;
			children = (
				0EE6E8312BD15E8D00136DC9 /* CalendarHelper.swift */,
			);
			path = Helper;
			sourceTree = "<group>";
		};
/* End PBXGroup section */

/* Begin PBXNativeTarget section */
		0EAF98F22B98B0DA00FBFC8E /* duck */ = {
			isa = PBXNativeTarget;
			buildConfigurationList = 0EAF991A2B98B0DE00FBFC8E /* Build configuration list for PBXNativeTarget "duck" */;
			buildPhases = (
				0EAF98EF2B98B0DA00FBFC8E /* Sources */,
				0EAF98F02B98B0DA00FBFC8E /* Frameworks */,
				0EAF98F12B98B0DA00FBFC8E /* Resources */,
			);
			buildRules = (
			);
			dependencies = (
			);
			name = duck;
			productName = duck;
			productReference = 0EAF98F32B98B0DA00FBFC8E /* duck.app */;
			productType = "com.apple.product-type.application";
		};
		0EAF99052B98B0DE00FBFC8E /* duckTests */ = {
			isa = PBXNativeTarget;
			buildConfigurationList = 0EAF991D2B98B0DE00FBFC8E /* Build configuration list for PBXNativeTarget "duckTests" */;
			buildPhases = (
				0EAF99022B98B0DE00FBFC8E /* Sources */,
				0EAF99032B98B0DE00FBFC8E /* Frameworks */,
				0EAF99042B98B0DE00FBFC8E /* Resources */,
			);
			buildRules = (
			);
			dependencies = (
				0EAF99082B98B0DE00FBFC8E /* PBXTargetDependency */,
			);
			name = duckTests;
			productName = duckTests;
			productReference = 0EAF99062B98B0DE00FBFC8E /* duckTests.xctest */;
			productType = "com.apple.product-type.bundle.unit-test";
		};
		0EAF990F2B98B0DE00FBFC8E /* duckUITests */ = {
			isa = PBXNativeTarget;
			buildConfigurationList = 0EAF99202B98B0DE00FBFC8E /* Build configuration list for PBXNativeTarget "duckUITests" */;
			buildPhases = (
				0EAF990C2B98B0DE00FBFC8E /* Sources */,
				0EAF990D2B98B0DE00FBFC8E /* Frameworks */,
				0EAF990E2B98B0DE00FBFC8E /* Resources */,
			);
			buildRules = (
			);
			dependencies = (
				0EAF99122B98B0DE00FBFC8E /* PBXTargetDependency */,
			);
			name = duckUITests;
			productName = duckUITests;
			productReference = 0EAF99102B98B0DE00FBFC8E /* duckUITests.xctest */;
			productType = "com.apple.product-type.bundle.ui-testing";
		};
/* End PBXNativeTarget section */

/* Begin PBXProject section */
		0EAF98EB2B98B0DA00FBFC8E /* Project object */ = {
			isa = PBXProject;
			attributes = {
				BuildIndependentTargetsInParallel = 1;
				LastSwiftUpdateCheck = 1520;
				LastUpgradeCheck = 1520;
				TargetAttributes = {
					0EAF98F22B98B0DA00FBFC8E = {
						CreatedOnToolsVersion = 15.2;
					};
					0EAF99052B98B0DE00FBFC8E = {
						CreatedOnToolsVersion = 15.2;
						TestTargetID = 0EAF98F22B98B0DA00FBFC8E;
					};
					0EAF990F2B98B0DE00FBFC8E = {
						CreatedOnToolsVersion = 15.2;
						TestTargetID = 0EAF98F22B98B0DA00FBFC8E;
					};
				};
			};
			buildConfigurationList = 0EAF98EE2B98B0DA00FBFC8E /* Build configuration list for PBXProject "duck" */;
			compatibilityVersion = "Xcode 14.0";
			developmentRegion = en;
			hasScannedForEncodings = 0;
			knownRegions = (
				en,
				Base,
			);
			mainGroup = 0EAF98EA2B98B0DA00FBFC8E;
			productRefGroup = 0EAF98F42B98B0DA00FBFC8E /* Products */;
			projectDirPath = "";
			projectRoot = "";
			targets = (
				0EAF98F22B98B0DA00FBFC8E /* duck */,
				0EAF99052B98B0DE00FBFC8E /* duckTests */,
				0EAF990F2B98B0DE00FBFC8E /* duckUITests */,
			);
		};
/* End PBXProject section */

/* Begin PBXResourcesBuildPhase section */
		0EAF98F12B98B0DA00FBFC8E /* Resources */ = {
			isa = PBXResourcesBuildPhase;
			buildActionMask = 2147483647;
			files = (
				0EAF99012B98B0DE00FBFC8E /* Preview Assets.xcassets in Resources */,
				0EE6E8382BD166FF00136DC9 /* duck.gif in Resources */,
				0EAF98FD2B98B0DE00FBFC8E /* Assets.xcassets in Resources */,
			);
			runOnlyForDeploymentPostprocessing = 0;
		};
		0EAF99042B98B0DE00FBFC8E /* Resources */ = {
			isa = PBXResourcesBuildPhase;
			buildActionMask = 2147483647;
			files = (
			);
			runOnlyForDeploymentPostprocessing = 0;
		};
		0EAF990E2B98B0DE00FBFC8E /* Resources */ = {
			isa = PBXResourcesBuildPhase;
			buildActionMask = 2147483647;
			files = (
			);
			runOnlyForDeploymentPostprocessing = 0;
		};
/* End PBXResourcesBuildPhase section */

/* Begin PBXSourcesBuildPhase section */
		0EAF98EF2B98B0DA00FBFC8E /* Sources */ = {
			isa = PBXSourcesBuildPhase;
			buildActionMask = 2147483647;
			files = (
				0EE6E8362BD15F2500136DC9 /* MonthStruct.swift in Sources */,
				0EE6E82F2BD15DA000136DC9 /* DateScrollerView.swift in Sources */,
				0E2FE7CA2BAAE3B100348DB5 /* AddExpenseView.swift in Sources */,
				0E7F679D2BCF976100F0A5E6 /* ExpenseCardView.swift in Sources */,
				0EAF99292B98C98900FBFC8E /* Expense.swift in Sources */,
				0EAF99312B98CC2F00FBFC8E /* CategoryView.swift in Sources */,
				0EE6E8412BD1719C00136DC9 /* NotesView.swift in Sources */,
				0EAF992D2B98CAC000FBFC8E /* Category.swift in Sources */,
				0E2FE7C02BA9992400348DB5 /* NewsView.swift in Sources */,
				0EE6E83C2BD16DBA00136DC9 /* Notes.swift in Sources */,
				0EE6E8322BD15E8D00136DC9 /* CalendarHelper.swift in Sources */,
				0EAF98F92B98B0DA00FBFC8E /* ContentView.swift in Sources */,
				0E31F1D82BD21383007C972C /* NotesCardView.swift in Sources */,
				0EAF98FB2B98B0DA00FBFC8E /* Item.swift in Sources */,
				0E2FE7BC2BA952B100348DB5 /* HomeView.swift in Sources */,
				0E2FE7BE2BA9572F00348DB5 /* GroupedExpenses.swift in Sources */,
				0EE6E83F2BD16F8D00136DC9 /* AddNotesView.swift in Sources */,
				0EE6E8342BD15EDC00136DC9 /* CalendarCell.swift in Sources */,
				0EE6E83A2BD1677700136DC9 /* GifImage.swift in Sources */,
				0EAF98F72B98B0DA00FBFC8E /* duckApp.swift in Sources */,
				0E2FE7C42BA9997C00348DB5 /* ChatBotView.swift in Sources */,
				0EAF992F2B98CC1300FBFC8E /* ExpenseView.swift in Sources */,
				0E2FE7C62BA99AEA00348DB5 /* TimesView.swift in Sources */,
				0EE6E82D2BD15CC600136DC9 /* DateHolder.swift in Sources */,
			);
			runOnlyForDeploymentPostprocessing = 0;
		};
		0EAF99022B98B0DE00FBFC8E /* Sources */ = {
			isa = PBXSourcesBuildPhase;
			buildActionMask = 2147483647;
			files = (
				0EAF990B2B98B0DE00FBFC8E /* duckTests.swift in Sources */,
			);
			runOnlyForDeploymentPostprocessing = 0;
		};
		0EAF990C2B98B0DE00FBFC8E /* Sources */ = {
			isa = PBXSourcesBuildPhase;
			buildActionMask = 2147483647;
			files = (
				0EAF99152B98B0DE00FBFC8E /* duckUITests.swift in Sources */,
				0EAF99172B98B0DE00FBFC8E /* duckUITestsLaunchTests.swift in Sources */,
			);
			runOnlyForDeploymentPostprocessing = 0;
		};
/* End PBXSourcesBuildPhase section */

/* Begin PBXTargetDependency section */
		0EAF99082B98B0DE00FBFC8E /* PBXTargetDependency */ = {
			isa = PBXTargetDependency;
			target = 0EAF98F22B98B0DA00FBFC8E /* duck */;
			targetProxy = 0EAF99072B98B0DE00FBFC8E /* PBXContainerItemProxy */;
		};
		0EAF99122B98B0DE00FBFC8E /* PBXTargetDependency */ = {
			isa = PBXTargetDependency;
			target = 0EAF98F22B98B0DA00FBFC8E /* duck */;
			targetProxy = 0EAF99112B98B0DE00FBFC8E /* PBXContainerItemProxy */;
		};
/* End PBXTargetDependency section */

/* Begin XCBuildConfiguration section */
		0EAF99182B98B0DE00FBFC8E /* Debug */ = {
			isa = XCBuildConfiguration;
			buildSettings = {
				ALWAYS_SEARCH_USER_PATHS = NO;
				ASSETCATALOG_COMPILER_GENERATE_SWIFT_ASSET_SYMBOL_EXTENSIONS = YES;
				CLANG_ANALYZER_NONNULL = YES;
				CLANG_ANALYZER_NUMBER_OBJECT_CONVERSION = YES_AGGRESSIVE;
				CLANG_CXX_LANGUAGE_STANDARD = "gnu++20";
				CLANG_ENABLE_MODULES = YES;
				CLANG_ENABLE_OBJC_ARC = YES;
				CLANG_ENABLE_OBJC_WEAK = YES;
				CLANG_WARN_BLOCK_CAPTURE_AUTORELEASING = YES;
				CLANG_WARN_BOOL_CONVERSION = YES;
				CLANG_WARN_COMMA = YES;
				CLANG_WARN_CONSTANT_CONVERSION = YES;
				CLANG_WARN_DEPRECATED_OBJC_IMPLEMENTATIONS = YES;
				CLANG_WARN_DIRECT_OBJC_ISA_USAGE = YES_ERROR;
				CLANG_WARN_DOCUMENTATION_COMMENTS = YES;
				CLANG_WARN_EMPTY_BODY = YES;
				CLANG_WARN_ENUM_CONVERSION = YES;
				CLANG_WARN_INFINITE_RECURSION = YES;
				CLANG_WARN_INT_CONVERSION = YES;
				CLANG_WARN_NON_LITERAL_NULL_CONVERSION = YES;
				CLANG_WARN_OBJC_IMPLICIT_RETAIN_SELF = YES;
				CLANG_WARN_OBJC_LITERAL_CONVERSION = YES;
				CLANG_WARN_OBJC_ROOT_CLASS = YES_ERROR;
				CLANG_WARN_QUOTED_INCLUDE_IN_FRAMEWORK_HEADER = YES;
				CLANG_WARN_RANGE_LOOP_ANALYSIS = YES;
				CLANG_WARN_STRICT_PROTOTYPES = YES;
				CLANG_WARN_SUSPICIOUS_MOVE = YES;
				CLANG_WARN_UNGUARDED_AVAILABILITY = YES_AGGRESSIVE;
				CLANG_WARN_UNREACHABLE_CODE = YES;
				CLANG_WARN__DUPLICATE_METHOD_MATCH = YES;
				COPY_PHASE_STRIP = NO;
				DEBUG_INFORMATION_FORMAT = dwarf;
				ENABLE_STRICT_OBJC_MSGSEND = YES;
				ENABLE_TESTABILITY = YES;
				ENABLE_USER_SCRIPT_SANDBOXING = YES;
				GCC_C_LANGUAGE_STANDARD = gnu17;
				GCC_DYNAMIC_NO_PIC = NO;
				GCC_NO_COMMON_BLOCKS = YES;
				GCC_OPTIMIZATION_LEVEL = 0;
				GCC_PREPROCESSOR_DEFINITIONS = (
					"DEBUG=1",
					"$(inherited)",
				);
				GCC_WARN_64_TO_32_BIT_CONVERSION = YES;
				GCC_WARN_ABOUT_RETURN_TYPE = YES_ERROR;
				GCC_WARN_UNDECLARED_SELECTOR = YES;
				GCC_WARN_UNINITIALIZED_AUTOS = YES_AGGRESSIVE;
				GCC_WARN_UNUSED_FUNCTION = YES;
				GCC_WARN_UNUSED_VARIABLE = YES;
				LOCALIZATION_PREFERS_STRING_CATALOGS = YES;
				MTL_ENABLE_DEBUG_INFO = INCLUDE_SOURCE;
				MTL_FAST_MATH = YES;
				ONLY_ACTIVE_ARCH = YES;
				SWIFT_ACTIVE_COMPILATION_CONDITIONS = "DEBUG $(inherited)";
				SWIFT_OPTIMIZATION_LEVEL = "-Onone";
			};
			name = Debug;
		};
		0EAF99192B98B0DE00FBFC8E /* Release */ = {
			isa = XCBuildConfiguration;
			buildSettings = {
				ALWAYS_SEARCH_USER_PATHS = NO;
				ASSETCATALOG_COMPILER_GENERATE_SWIFT_ASSET_SYMBOL_EXTENSIONS = YES;
				CLANG_ANALYZER_NONNULL = YES;
				CLANG_ANALYZER_NUMBER_OBJECT_CONVERSION = YES_AGGRESSIVE;
				CLANG_CXX_LANGUAGE_STANDARD = "gnu++20";
				CLANG_ENABLE_MODULES = YES;
				CLANG_ENABLE_OBJC_ARC = YES;
				CLANG_ENABLE_OBJC_WEAK = YES;
				CLANG_WARN_BLOCK_CAPTURE_AUTORELEASING = YES;
				CLANG_WARN_BOOL_CONVERSION = YES;
				CLANG_WARN_COMMA = YES;
				CLANG_WARN_CONSTANT_CONVERSION = YES;
				CLANG_WARN_DEPRECATED_OBJC_IMPLEMENTATIONS = YES;
				CLANG_WARN_DIRECT_OBJC_ISA_USAGE = YES_ERROR;
				CLANG_WARN_DOCUMENTATION_COMMENTS = YES;
				CLANG_WARN_EMPTY_BODY = YES;
				CLANG_WARN_ENUM_CONVERSION = YES;
				CLANG_WARN_INFINITE_RECURSION = YES;
				CLANG_WARN_INT_CONVERSION = YES;
				CLANG_WARN_NON_LITERAL_NULL_CONVERSION = YES;
				CLANG_WARN_OBJC_IMPLICIT_RETAIN_SELF = YES;
				CLANG_WARN_OBJC_LITERAL_CONVERSION = YES;
				CLANG_WARN_OBJC_ROOT_CLASS = YES_ERROR;
				CLANG_WARN_QUOTED_INCLUDE_IN_FRAMEWORK_HEADER = YES;
				CLANG_WARN_RANGE_LOOP_ANALYSIS = YES;
				CLANG_WARN_STRICT_PROTOTYPES = YES;
				CLANG_WARN_SUSPICIOUS_MOVE = YES;
				CLANG_WARN_UNGUARDED_AVAILABILITY = YES_AGGRESSIVE;
				CLANG_WARN_UNREACHABLE_CODE = YES;
				CLANG_WARN__DUPLICATE_METHOD_MATCH = YES;
				COPY_PHASE_STRIP = NO;
				DEBUG_INFORMATION_FORMAT = "dwarf-with-dsym";
				ENABLE_NS_ASSERTIONS = NO;
				ENABLE_STRICT_OBJC_MSGSEND = YES;
				ENABLE_USER_SCRIPT_SANDBOXING = YES;
				GCC_C_LANGUAGE_STANDARD = gnu17;
				GCC_NO_COMMON_BLOCKS = YES;
				GCC_WARN_64_TO_32_BIT_CONVERSION = YES;
				GCC_WARN_ABOUT_RETURN_TYPE = YES_ERROR;
				GCC_WARN_UNDECLARED_SELECTOR = YES;
				GCC_WARN_UNINITIALIZED_AUTOS = YES_AGGRESSIVE;
				GCC_WARN_UNUSED_FUNCTION = YES;
				GCC_WARN_UNUSED_VARIABLE = YES;
				LOCALIZATION_PREFERS_STRING_CATALOGS = YES;
				MTL_ENABLE_DEBUG_INFO = NO;
				MTL_FAST_MATH = YES;
				SWIFT_COMPILATION_MODE = wholemodule;
			};
			name = Release;
		};
		0EAF991B2B98B0DE00FBFC8E /* Debug */ = {
			isa = XCBuildConfiguration;
			buildSettings = {
				ASSETCATALOG_COMPILER_APPICON_NAME = AppIcon;
				ASSETCATALOG_COMPILER_GLOBAL_ACCENT_COLOR_NAME = AccentColor;
				CODE_SIGN_ENTITLEMENTS = duck/duck.entitlements;
				CODE_SIGN_STYLE = Automatic;
				CURRENT_PROJECT_VERSION = 1;
				DEVELOPMENT_ASSET_PATHS = "\"duck/Preview Content\"";
				DEVELOPMENT_TEAM = 2PS6Y95GH8;
				ENABLE_PREVIEWS = YES;
				GENERATE_INFOPLIST_FILE = YES;
				"INFOPLIST_KEY_UIApplicationSceneManifest_Generation[sdk=iphoneos*]" = YES;
				"INFOPLIST_KEY_UIApplicationSceneManifest_Generation[sdk=iphonesimulator*]" = YES;
				"INFOPLIST_KEY_UIApplicationSupportsIndirectInputEvents[sdk=iphoneos*]" = YES;
				"INFOPLIST_KEY_UIApplicationSupportsIndirectInputEvents[sdk=iphonesimulator*]" = YES;
				"INFOPLIST_KEY_UILaunchScreen_Generation[sdk=iphoneos*]" = YES;
				"INFOPLIST_KEY_UILaunchScreen_Generation[sdk=iphonesimulator*]" = YES;
				"INFOPLIST_KEY_UIStatusBarStyle[sdk=iphoneos*]" = UIStatusBarStyleDefault;
				"INFOPLIST_KEY_UIStatusBarStyle[sdk=iphonesimulator*]" = UIStatusBarStyleDefault;
				INFOPLIST_KEY_UISupportedInterfaceOrientations_iPad = "UIInterfaceOrientationPortrait UIInterfaceOrientationPortraitUpsideDown UIInterfaceOrientationLandscapeLeft UIInterfaceOrientationLandscapeRight";
				INFOPLIST_KEY_UISupportedInterfaceOrientations_iPhone = "UIInterfaceOrientationPortrait UIInterfaceOrientationLandscapeLeft UIInterfaceOrientationLandscapeRight";
				IPHONEOS_DEPLOYMENT_TARGET = 17.2;
				LD_RUNPATH_SEARCH_PATHS = "@executable_path/Frameworks";
				"LD_RUNPATH_SEARCH_PATHS[sdk=macosx*]" = "@executable_path/../Frameworks";
				MACOSX_DEPLOYMENT_TARGET = 14.0;
				MARKETING_VERSION = 1.0;
				PRODUCT_BUNDLE_IDENTIFIER = gcap2024.duck;
				PRODUCT_NAME = "$(TARGET_NAME)";
				SDKROOT = auto;
				SUPPORTED_PLATFORMS = "iphoneos iphonesimulator macosx";
				SWIFT_EMIT_LOC_STRINGS = YES;
				SWIFT_VERSION = 5.0;
				TARGETED_DEVICE_FAMILY = "1,2";
			};
			name = Debug;
		};
		0EAF991C2B98B0DE00FBFC8E /* Release */ = {
			isa = XCBuildConfiguration;
			buildSettings = {
				ASSETCATALOG_COMPILER_APPICON_NAME = AppIcon;
				ASSETCATALOG_COMPILER_GLOBAL_ACCENT_COLOR_NAME = AccentColor;
				CODE_SIGN_ENTITLEMENTS = duck/duck.entitlements;
				CODE_SIGN_STYLE = Automatic;
				CURRENT_PROJECT_VERSION = 1;
				DEVELOPMENT_ASSET_PATHS = "\"duck/Preview Content\"";
				DEVELOPMENT_TEAM = 2PS6Y95GH8;
				ENABLE_PREVIEWS = YES;
				GENERATE_INFOPLIST_FILE = YES;
				"INFOPLIST_KEY_UIApplicationSceneManifest_Generation[sdk=iphoneos*]" = YES;
				"INFOPLIST_KEY_UIApplicationSceneManifest_Generation[sdk=iphonesimulator*]" = YES;
				"INFOPLIST_KEY_UIApplicationSupportsIndirectInputEvents[sdk=iphoneos*]" = YES;
				"INFOPLIST_KEY_UIApplicationSupportsIndirectInputEvents[sdk=iphonesimulator*]" = YES;
				"INFOPLIST_KEY_UILaunchScreen_Generation[sdk=iphoneos*]" = YES;
				"INFOPLIST_KEY_UILaunchScreen_Generation[sdk=iphonesimulator*]" = YES;
				"INFOPLIST_KEY_UIStatusBarStyle[sdk=iphoneos*]" = UIStatusBarStyleDefault;
				"INFOPLIST_KEY_UIStatusBarStyle[sdk=iphonesimulator*]" = UIStatusBarStyleDefault;
				INFOPLIST_KEY_UISupportedInterfaceOrientations_iPad = "UIInterfaceOrientationPortrait UIInterfaceOrientationPortraitUpsideDown UIInterfaceOrientationLandscapeLeft UIInterfaceOrientationLandscapeRight";
				INFOPLIST_KEY_UISupportedInterfaceOrientations_iPhone = "UIInterfaceOrientationPortrait UIInterfaceOrientationLandscapeLeft UIInterfaceOrientationLandscapeRight";
				IPHONEOS_DEPLOYMENT_TARGET = 17.2;
				LD_RUNPATH_SEARCH_PATHS = "@executable_path/Frameworks";
				"LD_RUNPATH_SEARCH_PATHS[sdk=macosx*]" = "@executable_path/../Frameworks";
				MACOSX_DEPLOYMENT_TARGET = 14.0;
				MARKETING_VERSION = 1.0;
				PRODUCT_BUNDLE_IDENTIFIER = gcap2024.duck;
				PRODUCT_NAME = "$(TARGET_NAME)";
				SDKROOT = auto;
				SUPPORTED_PLATFORMS = "iphoneos iphonesimulator macosx";
				SWIFT_EMIT_LOC_STRINGS = YES;
				SWIFT_VERSION = 5.0;
				TARGETED_DEVICE_FAMILY = "1,2";
			};
			name = Release;
		};
		0EAF991E2B98B0DE00FBFC8E /* Debug */ = {
			isa = XCBuildConfiguration;
			buildSettings = {
				ALWAYS_EMBED_SWIFT_STANDARD_LIBRARIES = YES;
				BUNDLE_LOADER = "$(TEST_HOST)";
				CODE_SIGN_STYLE = Automatic;
				CURRENT_PROJECT_VERSION = 1;
				GENERATE_INFOPLIST_FILE = YES;
				IPHONEOS_DEPLOYMENT_TARGET = 17.2;
				MACOSX_DEPLOYMENT_TARGET = 14.1;
				MARKETING_VERSION = 1.0;
				PRODUCT_BUNDLE_IDENTIFIER = GCAP.duckTests;
				PRODUCT_NAME = "$(TARGET_NAME)";
				SDKROOT = auto;
				SUPPORTED_PLATFORMS = "iphoneos iphonesimulator macosx";
				SWIFT_EMIT_LOC_STRINGS = NO;
				SWIFT_VERSION = 5.0;
				TARGETED_DEVICE_FAMILY = "1,2";
				TEST_HOST = "$(BUILT_PRODUCTS_DIR)/duck.app/$(BUNDLE_EXECUTABLE_FOLDER_PATH)/duck";
			};
			name = Debug;
		};
		0EAF991F2B98B0DE00FBFC8E /* Release */ = {
			isa = XCBuildConfiguration;
			buildSettings = {
				ALWAYS_EMBED_SWIFT_STANDARD_LIBRARIES = YES;
				BUNDLE_LOADER = "$(TEST_HOST)";
				CODE_SIGN_STYLE = Automatic;
				CURRENT_PROJECT_VERSION = 1;
				GENERATE_INFOPLIST_FILE = YES;
				IPHONEOS_DEPLOYMENT_TARGET = 17.2;
				MACOSX_DEPLOYMENT_TARGET = 14.1;
				MARKETING_VERSION = 1.0;
				PRODUCT_BUNDLE_IDENTIFIER = GCAP.duckTests;
				PRODUCT_NAME = "$(TARGET_NAME)";
				SDKROOT = auto;
				SUPPORTED_PLATFORMS = "iphoneos iphonesimulator macosx";
				SWIFT_EMIT_LOC_STRINGS = NO;
				SWIFT_VERSION = 5.0;
				TARGETED_DEVICE_FAMILY = "1,2";
				TEST_HOST = "$(BUILT_PRODUCTS_DIR)/duck.app/$(BUNDLE_EXECUTABLE_FOLDER_PATH)/duck";
			};
			name = Release;
		};
		0EAF99212B98B0DE00FBFC8E /* Debug */ = {
			isa = XCBuildConfiguration;
			buildSettings = {
				ALWAYS_EMBED_SWIFT_STANDARD_LIBRARIES = YES;
				CODE_SIGN_STYLE = Automatic;
				CURRENT_PROJECT_VERSION = 1;
				GENERATE_INFOPLIST_FILE = YES;
				IPHONEOS_DEPLOYMENT_TARGET = 17.2;
				MACOSX_DEPLOYMENT_TARGET = 14.1;
				MARKETING_VERSION = 1.0;
				PRODUCT_BUNDLE_IDENTIFIER = GCAP.duckUITests;
				PRODUCT_NAME = "$(TARGET_NAME)";
				SDKROOT = auto;
				SUPPORTED_PLATFORMS = "iphoneos iphonesimulator macosx";
				SWIFT_EMIT_LOC_STRINGS = NO;
				SWIFT_VERSION = 5.0;
				TARGETED_DEVICE_FAMILY = "1,2";
				TEST_TARGET_NAME = duck;
			};
			name = Debug;
		};
		0EAF99222B98B0DE00FBFC8E /* Release */ = {
			isa = XCBuildConfiguration;
			buildSettings = {
				ALWAYS_EMBED_SWIFT_STANDARD_LIBRARIES = YES;
				CODE_SIGN_STYLE = Automatic;
				CURRENT_PROJECT_VERSION = 1;
				GENERATE_INFOPLIST_FILE = YES;
				IPHONEOS_DEPLOYMENT_TARGET = 17.2;
				MACOSX_DEPLOYMENT_TARGET = 14.1;
				MARKETING_VERSION = 1.0;
				PRODUCT_BUNDLE_IDENTIFIER = GCAP.duckUITests;
				PRODUCT_NAME = "$(TARGET_NAME)";
				SDKROOT = auto;
				SUPPORTED_PLATFORMS = "iphoneos iphonesimulator macosx";
				SWIFT_EMIT_LOC_STRINGS = NO;
				SWIFT_VERSION = 5.0;
				TARGETED_DEVICE_FAMILY = "1,2";
				TEST_TARGET_NAME = duck;
			};
			name = Release;
		};
/* End XCBuildConfiguration section */

/* Begin XCConfigurationList section */
		0EAF98EE2B98B0DA00FBFC8E /* Build configuration list for PBXProject "duck" */ = {
			isa = XCConfigurationList;
			buildConfigurations = (
				0EAF99182B98B0DE00FBFC8E /* Debug */,
				0EAF99192B98B0DE00FBFC8E /* Release */,
			);
			defaultConfigurationIsVisible = 0;
			defaultConfigurationName = Release;
		};
		0EAF991A2B98B0DE00FBFC8E /* Build configuration list for PBXNativeTarget "duck" */ = {
			isa = XCConfigurationList;
			buildConfigurations = (
				0EAF991B2B98B0DE00FBFC8E /* Debug */,
				0EAF991C2B98B0DE00FBFC8E /* Release */,
			);
			defaultConfigurationIsVisible = 0;
			defaultConfigurationName = Release;
		};
		0EAF991D2B98B0DE00FBFC8E /* Build configuration list for PBXNativeTarget "duckTests" */ = {
			isa = XCConfigurationList;
			buildConfigurations = (
				0EAF991E2B98B0DE00FBFC8E /* Debug */,
				0EAF991F2B98B0DE00FBFC8E /* Release */,
			);
			defaultConfigurationIsVisible = 0;
			defaultConfigurationName = Release;
		};
		0EAF99202B98B0DE00FBFC8E /* Build configuration list for PBXNativeTarget "duckUITests" */ = {
			isa = XCConfigurationList;
			buildConfigurations = (
				0EAF99212B98B0DE00FBFC8E /* Debug */,
				0EAF99222B98B0DE00FBFC8E /* Release */,
			);
			defaultConfigurationIsVisible = 0;
			defaultConfigurationName = Release;
		};
/* End XCConfigurationList section */
	};
	rootObject = 0EAF98EB2B98B0DA00FBFC8E /* Project object */;
}
